// !$*UTF8*$!
{
	archiveVersion = 1;
	classes = {
	};
	objectVersion = 51;
	objects = {

/* Begin PBXBuildFile section */
		802268FB255FDF8B0018F6CE /* Extensions.swift in Sources */ = {isa = PBXBuildFile; fileRef = 802268FA255FDF8B0018F6CE /* Extensions.swift */; };
		8048881E2562688C00660305 /* GoogleService-Info.plist in Resources */ = {isa = PBXBuildFile; fileRef = 8048881D2562688C00660305 /* GoogleService-Info.plist */; };
		804888232563963400660305 /* DatabaseManager.swift in Sources */ = {isa = PBXBuildFile; fileRef = 804888222563963400660305 /* DatabaseManager.swift */; };
		80F2B23E2557011300D2584E /* AppDelegate.swift in Sources */ = {isa = PBXBuildFile; fileRef = 80F2B23D2557011300D2584E /* AppDelegate.swift */; };
		80F2B2402557011300D2584E /* SceneDelegate.swift in Sources */ = {isa = PBXBuildFile; fileRef = 80F2B23F2557011300D2584E /* SceneDelegate.swift */; };
		80F2B2422557011300D2584E /* ConversationsViewController.swift in Sources */ = {isa = PBXBuildFile; fileRef = 80F2B2412557011300D2584E /* ConversationsViewController.swift */; };
		80F2B2452557011300D2584E /* Main.storyboard in Resources */ = {isa = PBXBuildFile; fileRef = 80F2B2432557011300D2584E /* Main.storyboard */; };
		80F2B2472557011800D2584E /* Assets.xcassets in Resources */ = {isa = PBXBuildFile; fileRef = 80F2B2462557011800D2584E /* Assets.xcassets */; };
		80F2B24A2557011800D2584E /* LaunchScreen.storyboard in Resources */ = {isa = PBXBuildFile; fileRef = 80F2B2482557011800D2584E /* LaunchScreen.storyboard */; };
		80F2B2552557011800D2584E /* Quick_ChatTests.swift in Sources */ = {isa = PBXBuildFile; fileRef = 80F2B2542557011800D2584E /* Quick_ChatTests.swift */; };
		80F2B2602557011800D2584E /* Quick_ChatUITests.swift in Sources */ = {isa = PBXBuildFile; fileRef = 80F2B25F2557011800D2584E /* Quick_ChatUITests.swift */; };
		80F549B9255AA1A4005B0BFA /* LoginViewController.swift in Sources */ = {isa = PBXBuildFile; fileRef = 80F549B8255AA1A4005B0BFA /* LoginViewController.swift */; };
		80F549C1255AA1BE005B0BFA /* RegisterViewController.swift in Sources */ = {isa = PBXBuildFile; fileRef = 80F549C0255AA1BE005B0BFA /* RegisterViewController.swift */; };
		80F549C6255AA1DC005B0BFA /* PhotoViewerViewController.swift in Sources */ = {isa = PBXBuildFile; fileRef = 80F549C5255AA1DC005B0BFA /* PhotoViewerViewController.swift */; };
		80F549CB255AA1F8005B0BFA /* VideoPlayerViewController.swift in Sources */ = {isa = PBXBuildFile; fileRef = 80F549CA255AA1F8005B0BFA /* VideoPlayerViewController.swift */; };
		80F549D1255AA2D4005B0BFA /* NewConversationViewController.swift in Sources */ = {isa = PBXBuildFile; fileRef = 80F549D0255AA2D4005B0BFA /* NewConversationViewController.swift */; };
		80F549D6255AA305005B0BFA /* ProfileViewController.swift in Sources */ = {isa = PBXBuildFile; fileRef = 80F549D5255AA305005B0BFA /* ProfileViewController.swift */; };
		F394670C18DAFC212B84BCE7 /* Pods_Quick_Chat.framework in Frameworks */ = {isa = PBXBuildFile; fileRef = 61DBBE9D7556C32637AC36CA /* Pods_Quick_Chat.framework */; };
/* End PBXBuildFile section */

/* Begin PBXContainerItemProxy section */
		80F2B2512557011800D2584E /* PBXContainerItemProxy */ = {
			isa = PBXContainerItemProxy;
			containerPortal = 80F2B2322557011300D2584E /* Project object */;
			proxyType = 1;
			remoteGlobalIDString = 80F2B2392557011300D2584E;
			remoteInfo = "Quick Chat";
		};
		80F2B25C2557011800D2584E /* PBXContainerItemProxy */ = {
			isa = PBXContainerItemProxy;
			containerPortal = 80F2B2322557011300D2584E /* Project object */;
			proxyType = 1;
			remoteGlobalIDString = 80F2B2392557011300D2584E;
			remoteInfo = "Quick Chat";
		};
/* End PBXContainerItemProxy section */

/* Begin PBXFileReference section */
		25E15A2898D391AA95DFB651 /* Pods-Quick Chat.release.xcconfig */ = {isa = PBXFileReference; includeInIndex = 1; lastKnownFileType = text.xcconfig; name = "Pods-Quick Chat.release.xcconfig"; path = "Target Support Files/Pods-Quick Chat/Pods-Quick Chat.release.xcconfig"; sourceTree = "<group>"; };
		331ECB15FD24B168BB385187 /* Pods-Quick Chat.debug.xcconfig */ = {isa = PBXFileReference; includeInIndex = 1; lastKnownFileType = text.xcconfig; name = "Pods-Quick Chat.debug.xcconfig"; path = "Target Support Files/Pods-Quick Chat/Pods-Quick Chat.debug.xcconfig"; sourceTree = "<group>"; };
		61DBBE9D7556C32637AC36CA /* Pods_Quick_Chat.framework */ = {isa = PBXFileReference; explicitFileType = wrapper.framework; includeInIndex = 0; path = Pods_Quick_Chat.framework; sourceTree = BUILT_PRODUCTS_DIR; };
		802268FA255FDF8B0018F6CE /* Extensions.swift */ = {isa = PBXFileReference; lastKnownFileType = sourcecode.swift; path = Extensions.swift; sourceTree = "<group>"; };
		8048881D2562688C00660305 /* GoogleService-Info.plist */ = {isa = PBXFileReference; fileEncoding = 4; lastKnownFileType = text.plist.xml; name = "GoogleService-Info.plist"; path = "../../../../Downloads/GoogleService-Info.plist"; sourceTree = "<group>"; };
		804888222563963400660305 /* DatabaseManager.swift */ = {isa = PBXFileReference; lastKnownFileType = sourcecode.swift; path = DatabaseManager.swift; sourceTree = "<group>"; };
		80F2B23A2557011300D2584E /* Quick Chat.app */ = {isa = PBXFileReference; explicitFileType = wrapper.application; includeInIndex = 0; path = "Quick Chat.app"; sourceTree = BUILT_PRODUCTS_DIR; };
		80F2B23D2557011300D2584E /* AppDelegate.swift */ = {isa = PBXFileReference; lastKnownFileType = sourcecode.swift; path = AppDelegate.swift; sourceTree = "<group>"; };
		80F2B23F2557011300D2584E /* SceneDelegate.swift */ = {isa = PBXFileReference; lastKnownFileType = sourcecode.swift; path = SceneDelegate.swift; sourceTree = "<group>"; };
		80F2B2412557011300D2584E /* ConversationsViewController.swift */ = {isa = PBXFileReference; lastKnownFileType = sourcecode.swift; path = ConversationsViewController.swift; sourceTree = "<group>"; };
		80F2B2442557011300D2584E /* Base */ = {isa = PBXFileReference; lastKnownFileType = file.storyboard; name = Base; path = Base.lproj/Main.storyboard; sourceTree = "<group>"; };
		80F2B2462557011800D2584E /* Assets.xcassets */ = {isa = PBXFileReference; lastKnownFileType = folder.assetcatalog; path = Assets.xcassets; sourceTree = "<group>"; };
		80F2B2492557011800D2584E /* Base */ = {isa = PBXFileReference; lastKnownFileType = file.storyboard; name = Base; path = Base.lproj/LaunchScreen.storyboard; sourceTree = "<group>"; };
		80F2B24B2557011800D2584E /* Info.plist */ = {isa = PBXFileReference; lastKnownFileType = text.plist.xml; path = Info.plist; sourceTree = "<group>"; };
		80F2B2502557011800D2584E /* Quick ChatTests.xctest */ = {isa = PBXFileReference; explicitFileType = wrapper.cfbundle; includeInIndex = 0; path = "Quick ChatTests.xctest"; sourceTree = BUILT_PRODUCTS_DIR; };
		80F2B2542557011800D2584E /* Quick_ChatTests.swift */ = {isa = PBXFileReference; lastKnownFileType = sourcecode.swift; path = Quick_ChatTests.swift; sourceTree = "<group>"; };
		80F2B2562557011800D2584E /* Info.plist */ = {isa = PBXFileReference; lastKnownFileType = text.plist.xml; path = Info.plist; sourceTree = "<group>"; };
		80F2B25B2557011800D2584E /* Quick ChatUITests.xctest */ = {isa = PBXFileReference; explicitFileType = wrapper.cfbundle; includeInIndex = 0; path = "Quick ChatUITests.xctest"; sourceTree = BUILT_PRODUCTS_DIR; };
		80F2B25F2557011800D2584E /* Quick_ChatUITests.swift */ = {isa = PBXFileReference; lastKnownFileType = sourcecode.swift; path = Quick_ChatUITests.swift; sourceTree = "<group>"; };
		80F2B2612557011800D2584E /* Info.plist */ = {isa = PBXFileReference; lastKnownFileType = text.plist.xml; path = Info.plist; sourceTree = "<group>"; };
		80F549B8255AA1A4005B0BFA /* LoginViewController.swift */ = {isa = PBXFileReference; lastKnownFileType = sourcecode.swift; path = LoginViewController.swift; sourceTree = "<group>"; };
		80F549C0255AA1BE005B0BFA /* RegisterViewController.swift */ = {isa = PBXFileReference; lastKnownFileType = sourcecode.swift; path = RegisterViewController.swift; sourceTree = "<group>"; };
		80F549C5255AA1DC005B0BFA /* PhotoViewerViewController.swift */ = {isa = PBXFileReference; lastKnownFileType = sourcecode.swift; path = PhotoViewerViewController.swift; sourceTree = "<group>"; };
		80F549CA255AA1F8005B0BFA /* VideoPlayerViewController.swift */ = {isa = PBXFileReference; lastKnownFileType = sourcecode.swift; path = VideoPlayerViewController.swift; sourceTree = "<group>"; };
		80F549D0255AA2D4005B0BFA /* NewConversationViewController.swift */ = {isa = PBXFileReference; lastKnownFileType = sourcecode.swift; path = NewConversationViewController.swift; sourceTree = "<group>"; };
		80F549D5255AA305005B0BFA /* ProfileViewController.swift */ = {isa = PBXFileReference; lastKnownFileType = sourcecode.swift; path = ProfileViewController.swift; sourceTree = "<group>"; };
/* End PBXFileReference section */

/* Begin PBXFrameworksBuildPhase section */
		80F2B2372557011300D2584E /* Frameworks */ = {
			isa = PBXFrameworksBuildPhase;
			buildActionMask = 2147483647;
			files = (
				F394670C18DAFC212B84BCE7 /* Pods_Quick_Chat.framework in Frameworks */,
			);
			runOnlyForDeploymentPostprocessing = 0;
		};
		80F2B24D2557011800D2584E /* Frameworks */ = {
			isa = PBXFrameworksBuildPhase;
			buildActionMask = 2147483647;
			files = (
			);
			runOnlyForDeploymentPostprocessing = 0;
		};
		80F2B2582557011800D2584E /* Frameworks */ = {
			isa = PBXFrameworksBuildPhase;
			buildActionMask = 2147483647;
			files = (
			);
			runOnlyForDeploymentPostprocessing = 0;
		};
/* End PBXFrameworksBuildPhase section */

/* Begin PBXGroup section */
		80F2B2312557011300D2584E = {
			isa = PBXGroup;
			children = (
				80F2B23C2557011300D2584E /* Quick Chat */,
				80F2B2532557011800D2584E /* Quick ChatTests */,
				80F2B25E2557011800D2584E /* Quick ChatUITests */,
				80F2B23B2557011300D2584E /* Products */,
				B1C0230BBF093CE940B133D1 /* Pods */,
				9B1C657B3988361217F8A127 /* Frameworks */,
			);
			sourceTree = "<group>";
		};
		80F2B23B2557011300D2584E /* Products */ = {
			isa = PBXGroup;
			children = (
				80F2B23A2557011300D2584E /* Quick Chat.app */,
				80F2B2502557011800D2584E /* Quick ChatTests.xctest */,
				80F2B25B2557011800D2584E /* Quick ChatUITests.xctest */,
			);
			name = Products;
			sourceTree = "<group>";
		};
		80F2B23C2557011300D2584E /* Quick Chat */ = {
			isa = PBXGroup;
			children = (
				8048881D2562688C00660305 /* GoogleService-Info.plist */,
				80F549AD255AA009005B0BFA /* Resources */,
				80F549AC255AA001005B0BFA /* ViewModels */,
				80F549AB255A9FF0005B0BFA /* Models */,
				80F549AA255A9FDD005B0BFA /* Views */,
				80F549A9255A9FD1005B0BFA /* Controllers */,
				80F2B24B2557011800D2584E /* Info.plist */,
			);
			path = "Quick Chat";
			sourceTree = "<group>";
		};
		80F2B2532557011800D2584E /* Quick ChatTests */ = {
			isa = PBXGroup;
			children = (
				80F2B2542557011800D2584E /* Quick_ChatTests.swift */,
				80F2B2562557011800D2584E /* Info.plist */,
			);
			path = "Quick ChatTests";
			sourceTree = "<group>";
		};
		80F2B25E2557011800D2584E /* Quick ChatUITests */ = {
			isa = PBXGroup;
			children = (
				80F2B25F2557011800D2584E /* Quick_ChatUITests.swift */,
				80F2B2612557011800D2584E /* Info.plist */,
			);
			path = "Quick ChatUITests";
			sourceTree = "<group>";
		};
		80F549A9255A9FD1005B0BFA /* Controllers */ = {
			isa = PBXGroup;
			children = (
				80F2B2412557011300D2584E /* ConversationsViewController.swift */,
				80F549DA255AA7CB005B0BFA /* Login */,
				80F549C5255AA1DC005B0BFA /* PhotoViewerViewController.swift */,
				80F549CA255AA1F8005B0BFA /* VideoPlayerViewController.swift */,
				80F549D0255AA2D4005B0BFA /* NewConversationViewController.swift */,
				80F549D5255AA305005B0BFA /* ProfileViewController.swift */,
			);
			path = Controllers;
			sourceTree = "<group>";
		};
		80F549AA255A9FDD005B0BFA /* Views */ = {
			isa = PBXGroup;
			children = (
				80F549B1255AA061005B0BFA /* Storyboards */,
				80F2B2462557011800D2584E /* Assets.xcassets */,
			);
			path = Views;
			sourceTree = "<group>";
		};
		80F549AB255A9FF0005B0BFA /* Models */ = {
			isa = PBXGroup;
			children = (
			);
			path = Models;
			sourceTree = "<group>";
		};
		80F549AC255AA001005B0BFA /* ViewModels */ = {
			isa = PBXGroup;
			children = (
			);
			path = ViewModels;
			sourceTree = "<group>";
		};
		80F549AD255AA009005B0BFA /* Resources */ = {
			isa = PBXGroup;
			children = (
				80F2B23D2557011300D2584E /* AppDelegate.swift */,
				80F2B23F2557011300D2584E /* SceneDelegate.swift */,
				802268FA255FDF8B0018F6CE /* Extensions.swift */,
				804888222563963400660305 /* DatabaseManager.swift */,
			);
			path = Resources;
			sourceTree = "<group>";
		};
		80F549B1255AA061005B0BFA /* Storyboards */ = {
			isa = PBXGroup;
			children = (
				80F2B2432557011300D2584E /* Main.storyboard */,
				80F2B2482557011800D2584E /* LaunchScreen.storyboard */,
			);
			path = Storyboards;
			sourceTree = "<group>";
		};
		80F549DA255AA7CB005B0BFA /* Login */ = {
			isa = PBXGroup;
			children = (
				80F549B8255AA1A4005B0BFA /* LoginViewController.swift */,
				80F549C0255AA1BE005B0BFA /* RegisterViewController.swift */,
			);
			path = Login;
			sourceTree = "<group>";
		};
		9B1C657B3988361217F8A127 /* Frameworks */ = {
			isa = PBXGroup;
			children = (
				61DBBE9D7556C32637AC36CA /* Pods_Quick_Chat.framework */,
			);
			name = Frameworks;
			sourceTree = "<group>";
		};
		B1C0230BBF093CE940B133D1 /* Pods */ = {
			isa = PBXGroup;
			children = (
				331ECB15FD24B168BB385187 /* Pods-Quick Chat.debug.xcconfig */,
				25E15A2898D391AA95DFB651 /* Pods-Quick Chat.release.xcconfig */,
			);
			path = Pods;
			sourceTree = "<group>";
		};
/* End PBXGroup section */

/* Begin PBXNativeTarget section */
		80F2B2392557011300D2584E /* Quick Chat */ = {
			isa = PBXNativeTarget;
			buildConfigurationList = 80F2B2642557011800D2584E /* Build configuration list for PBXNativeTarget "Quick Chat" */;
			buildPhases = (
				9439A8F4FBC268649AC3A56A /* [CP] Check Pods Manifest.lock */,
				80F2B2362557011300D2584E /* Sources */,
				80F2B2372557011300D2584E /* Frameworks */,
				80F2B2382557011300D2584E /* Resources */,
				32EADAF6B5F14581BCA17FB0 /* [CP] Embed Pods Frameworks */,
			);
			buildRules = (
			);
			dependencies = (
			);
			name = "Quick Chat";
			productName = "Quick Chat";
			productReference = 80F2B23A2557011300D2584E /* Quick Chat.app */;
			productType = "com.apple.product-type.application";
		};
		80F2B24F2557011800D2584E /* Quick ChatTests */ = {
			isa = PBXNativeTarget;
			buildConfigurationList = 80F2B2672557011800D2584E /* Build configuration list for PBXNativeTarget "Quick ChatTests" */;
			buildPhases = (
				80F2B24C2557011800D2584E /* Sources */,
				80F2B24D2557011800D2584E /* Frameworks */,
				80F2B24E2557011800D2584E /* Resources */,
			);
			buildRules = (
			);
			dependencies = (
				80F2B2522557011800D2584E /* PBXTargetDependency */,
			);
			name = "Quick ChatTests";
			productName = "Quick ChatTests";
			productReference = 80F2B2502557011800D2584E /* Quick ChatTests.xctest */;
			productType = "com.apple.product-type.bundle.unit-test";
		};
		80F2B25A2557011800D2584E /* Quick ChatUITests */ = {
			isa = PBXNativeTarget;
			buildConfigurationList = 80F2B26A2557011800D2584E /* Build configuration list for PBXNativeTarget "Quick ChatUITests" */;
			buildPhases = (
				80F2B2572557011800D2584E /* Sources */,
				80F2B2582557011800D2584E /* Frameworks */,
				80F2B2592557011800D2584E /* Resources */,
			);
			buildRules = (
			);
			dependencies = (
				80F2B25D2557011800D2584E /* PBXTargetDependency */,
			);
			name = "Quick ChatUITests";
			productName = "Quick ChatUITests";
			productReference = 80F2B25B2557011800D2584E /* Quick ChatUITests.xctest */;
			productType = "com.apple.product-type.bundle.ui-testing";
		};
/* End PBXNativeTarget section */

/* Begin PBXProject section */
		80F2B2322557011300D2584E /* Project object */ = {
			isa = PBXProject;
			attributes = {
				LastSwiftUpdateCheck = 1210;
				LastUpgradeCheck = 1210;
				TargetAttributes = {
					80F2B2392557011300D2584E = {
						CreatedOnToolsVersion = 12.1;
					};
					80F2B24F2557011800D2584E = {
						CreatedOnToolsVersion = 12.1;
						TestTargetID = 80F2B2392557011300D2584E;
					};
					80F2B25A2557011800D2584E = {
						CreatedOnToolsVersion = 12.1;
						TestTargetID = 80F2B2392557011300D2584E;
					};
				};
			};
			buildConfigurationList = 80F2B2352557011300D2584E /* Build configuration list for PBXProject "Quick Chat" */;
			compatibilityVersion = "Xcode 9.3";
			developmentRegion = en;
			hasScannedForEncodings = 0;
			knownRegions = (
				en,
				Base,
			);
			mainGroup = 80F2B2312557011300D2584E;
			productRefGroup = 80F2B23B2557011300D2584E /* Products */;
			projectDirPath = "";
			projectRoot = "";
			targets = (
				80F2B2392557011300D2584E /* Quick Chat */,
				80F2B24F2557011800D2584E /* Quick ChatTests */,
				80F2B25A2557011800D2584E /* Quick ChatUITests */,
			);
		};
/* End PBXProject section */

/* Begin PBXResourcesBuildPhase section */
		80F2B2382557011300D2584E /* Resources */ = {
			isa = PBXResourcesBuildPhase;
			buildActionMask = 2147483647;
			files = (
				80F2B24A2557011800D2584E /* LaunchScreen.storyboard in Resources */,
				8048881E2562688C00660305 /* GoogleService-Info.plist in Resources */,
				80F2B2472557011800D2584E /* Assets.xcassets in Resources */,
				80F2B2452557011300D2584E /* Main.storyboard in Resources */,
			);
			runOnlyForDeploymentPostprocessing = 0;
		};
		80F2B24E2557011800D2584E /* Resources */ = {
			isa = PBXResourcesBuildPhase;
			buildActionMask = 2147483647;
			files = (
			);
			runOnlyForDeploymentPostprocessing = 0;
		};
		80F2B2592557011800D2584E /* Resources */ = {
			isa = PBXResourcesBuildPhase;
			buildActionMask = 2147483647;
			files = (
			);
			runOnlyForDeploymentPostprocessing = 0;
		};
/* End PBXResourcesBuildPhase section */

/* Begin PBXShellScriptBuildPhase section */
		32EADAF6B5F14581BCA17FB0 /* [CP] Embed Pods Frameworks */ = {
			isa = PBXShellScriptBuildPhase;
			buildActionMask = 2147483647;
			files = (
			);
			inputFileListPaths = (
				"${PODS_ROOT}/Target Support Files/Pods-Quick Chat/Pods-Quick Chat-frameworks-${CONFIGURATION}-input-files.xcfilelist",
			);
			name = "[CP] Embed Pods Frameworks";
			outputFileListPaths = (
				"${PODS_ROOT}/Target Support Files/Pods-Quick Chat/Pods-Quick Chat-frameworks-${CONFIGURATION}-output-files.xcfilelist",
			);
			runOnlyForDeploymentPostprocessing = 0;
			shellPath = /bin/sh;
			shellScript = "\"${PODS_ROOT}/Target Support Files/Pods-Quick Chat/Pods-Quick Chat-frameworks.sh\"\n";
			showEnvVarsInLog = 0;
		};
		9439A8F4FBC268649AC3A56A /* [CP] Check Pods Manifest.lock */ = {
			isa = PBXShellScriptBuildPhase;
			buildActionMask = 2147483647;
			files = (
			);
			inputFileListPaths = (
			);
			inputPaths = (
				"${PODS_PODFILE_DIR_PATH}/Podfile.lock",
				"${PODS_ROOT}/Manifest.lock",
			);
			name = "[CP] Check Pods Manifest.lock";
			outputFileListPaths = (
			);
			outputPaths = (
				"$(DERIVED_FILE_DIR)/Pods-Quick Chat-checkManifestLockResult.txt",
			);
			runOnlyForDeploymentPostprocessing = 0;
			shellPath = /bin/sh;
			shellScript = "diff \"${PODS_PODFILE_DIR_PATH}/Podfile.lock\" \"${PODS_ROOT}/Manifest.lock\" > /dev/null\nif [ $? != 0 ] ; then\n    # print error to STDERR\n    echo \"error: The sandbox is not in sync with the Podfile.lock. Run 'pod install' or update your CocoaPods installation.\" >&2\n    exit 1\nfi\n# This output is used by Xcode 'outputs' to avoid re-running this script phase.\necho \"SUCCESS\" > \"${SCRIPT_OUTPUT_FILE_0}\"\n";
			showEnvVarsInLog = 0;
		};
/* End PBXShellScriptBuildPhase section */

/* Begin PBXSourcesBuildPhase section */
		80F2B2362557011300D2584E /* Sources */ = {
			isa = PBXSourcesBuildPhase;
			buildActionMask = 2147483647;
			files = (
				80F549B9255AA1A4005B0BFA /* LoginViewController.swift in Sources */,
				804888232563963400660305 /* DatabaseManager.swift in Sources */,
				80F549C1255AA1BE005B0BFA /* RegisterViewController.swift in Sources */,
				80F549D1255AA2D4005B0BFA /* NewConversationViewController.swift in Sources */,
				80F2B2422557011300D2584E /* ConversationsViewController.swift in Sources */,
				80F549CB255AA1F8005B0BFA /* VideoPlayerViewController.swift in Sources */,
				802268FB255FDF8B0018F6CE /* Extensions.swift in Sources */,
				80F2B23E2557011300D2584E /* AppDelegate.swift in Sources */,
				80F549D6255AA305005B0BFA /* ProfileViewController.swift in Sources */,
				80F2B2402557011300D2584E /* SceneDelegate.swift in Sources */,
				80F549C6255AA1DC005B0BFA /* PhotoViewerViewController.swift in Sources */,
			);
			runOnlyForDeploymentPostprocessing = 0;
		};
		80F2B24C2557011800D2584E /* Sources */ = {
			isa = PBXSourcesBuildPhase;
			buildActionMask = 2147483647;
			files = (
				80F2B2552557011800D2584E /* Quick_ChatTests.swift in Sources */,
			);
			runOnlyForDeploymentPostprocessing = 0;
		};
		80F2B2572557011800D2584E /* Sources */ = {
			isa = PBXSourcesBuildPhase;
			buildActionMask = 2147483647;
			files = (
				80F2B2602557011800D2584E /* Quick_ChatUITests.swift in Sources */,
			);
			runOnlyForDeploymentPostprocessing = 0;
		};
/* End PBXSourcesBuildPhase section */

/* Begin PBXTargetDependency section */
		80F2B2522557011800D2584E /* PBXTargetDependency */ = {
			isa = PBXTargetDependency;
			target = 80F2B2392557011300D2584E /* Quick Chat */;
			targetProxy = 80F2B2512557011800D2584E /* PBXContainerItemProxy */;
		};
		80F2B25D2557011800D2584E /* PBXTargetDependency */ = {
			isa = PBXTargetDependency;
			target = 80F2B2392557011300D2584E /* Quick Chat */;
			targetProxy = 80F2B25C2557011800D2584E /* PBXContainerItemProxy */;
		};
/* End PBXTargetDependency section */

/* Begin PBXVariantGroup section */
		80F2B2432557011300D2584E /* Main.storyboard */ = {
			isa = PBXVariantGroup;
			children = (
				80F2B2442557011300D2584E /* Base */,
			);
			name = Main.storyboard;
			sourceTree = "<group>";
		};
		80F2B2482557011800D2584E /* LaunchScreen.storyboard */ = {
			isa = PBXVariantGroup;
			children = (
				80F2B2492557011800D2584E /* Base */,
			);
			name = LaunchScreen.storyboard;
			sourceTree = "<group>";
		};
/* End PBXVariantGroup section */

/* Begin XCBuildConfiguration section */
		80F2B2622557011800D2584E /* Debug */ = {
			isa = XCBuildConfiguration;
			buildSettings = {
				ALWAYS_SEARCH_USER_PATHS = NO;
				CLANG_ANALYZER_NONNULL = YES;
				CLANG_ANALYZER_NUMBER_OBJECT_CONVERSION = YES_AGGRESSIVE;
				CLANG_CXX_LANGUAGE_STANDARD = "gnu++14";
				CLANG_CXX_LIBRARY = "libc++";
				CLANG_ENABLE_MODULES = YES;
				CLANG_ENABLE_OBJC_ARC = YES;
				CLANG_ENABLE_OBJC_WEAK = YES;
				CLANG_WARN_BLOCK_CAPTURE_AUTORELEASING = YES;
				CLANG_WARN_BOOL_CONVERSION = YES;
				CLANG_WARN_COMMA = YES;
				CLANG_WARN_CONSTANT_CONVERSION = YES;
				CLANG_WARN_DEPRECATED_OBJC_IMPLEMENTATIONS = YES;
				CLANG_WARN_DIRECT_OBJC_ISA_USAGE = YES_ERROR;
				CLANG_WARN_DOCUMENTATION_COMMENTS = YES;
				CLANG_WARN_EMPTY_BODY = YES;
				CLANG_WARN_ENUM_CONVERSION = YES;
				CLANG_WARN_INFINITE_RECURSION = YES;
				CLANG_WARN_INT_CONVERSION = YES;
				CLANG_WARN_NON_LITERAL_NULL_CONVERSION = YES;
				CLANG_WARN_OBJC_IMPLICIT_RETAIN_SELF = YES;
				CLANG_WARN_OBJC_LITERAL_CONVERSION = YES;
				CLANG_WARN_OBJC_ROOT_CLASS = YES_ERROR;
				CLANG_WARN_QUOTED_INCLUDE_IN_FRAMEWORK_HEADER = YES;
				CLANG_WARN_RANGE_LOOP_ANALYSIS = YES;
				CLANG_WARN_STRICT_PROTOTYPES = YES;
				CLANG_WARN_SUSPICIOUS_MOVE = YES;
				CLANG_WARN_UNGUARDED_AVAILABILITY = YES_AGGRESSIVE;
				CLANG_WARN_UNREACHABLE_CODE = YES;
				CLANG_WARN__DUPLICATE_METHOD_MATCH = YES;
				COPY_PHASE_STRIP = NO;
				DEBUG_INFORMATION_FORMAT = dwarf;
				ENABLE_STRICT_OBJC_MSGSEND = YES;
				ENABLE_TESTABILITY = YES;
				GCC_C_LANGUAGE_STANDARD = gnu11;
				GCC_DYNAMIC_NO_PIC = NO;
				GCC_NO_COMMON_BLOCKS = YES;
				GCC_OPTIMIZATION_LEVEL = 0;
				GCC_PREPROCESSOR_DEFINITIONS = (
					"DEBUG=1",
					"$(inherited)",
				);
				GCC_WARN_64_TO_32_BIT_CONVERSION = YES;
				GCC_WARN_ABOUT_RETURN_TYPE = YES_ERROR;
				GCC_WARN_UNDECLARED_SELECTOR = YES;
				GCC_WARN_UNINITIALIZED_AUTOS = YES_AGGRESSIVE;
				GCC_WARN_UNUSED_FUNCTION = YES;
				GCC_WARN_UNUSED_VARIABLE = YES;
				IPHONEOS_DEPLOYMENT_TARGET = 14.1;
				MTL_ENABLE_DEBUG_INFO = INCLUDE_SOURCE;
				MTL_FAST_MATH = YES;
				ONLY_ACTIVE_ARCH = YES;
				SDKROOT = iphoneos;
				SWIFT_ACTIVE_COMPILATION_CONDITIONS = DEBUG;
				SWIFT_OPTIMIZATION_LEVEL = "-Onone";
			};
			name = Debug;
		};
		80F2B2632557011800D2584E /* Release */ = {
			isa = XCBuildConfiguration;
			buildSettings = {
				ALWAYS_SEARCH_USER_PATHS = NO;
				CLANG_ANALYZER_NONNULL = YES;
				CLANG_ANALYZER_NUMBER_OBJECT_CONVERSION = YES_AGGRESSIVE;
				CLANG_CXX_LANGUAGE_STANDARD = "gnu++14";
				CLANG_CXX_LIBRARY = "libc++";
				CLANG_ENABLE_MODULES = YES;
				CLANG_ENABLE_OBJC_ARC = YES;
				CLANG_ENABLE_OBJC_WEAK = YES;
				CLANG_WARN_BLOCK_CAPTURE_AUTORELEASING = YES;
				CLANG_WARN_BOOL_CONVERSION = YES;
				CLANG_WARN_COMMA = YES;
				CLANG_WARN_CONSTANT_CONVERSION = YES;
				CLANG_WARN_DEPRECATED_OBJC_IMPLEMENTATIONS = YES;
				CLANG_WARN_DIRECT_OBJC_ISA_USAGE = YES_ERROR;
				CLANG_WARN_DOCUMENTATION_COMMENTS = YES;
				CLANG_WARN_EMPTY_BODY = YES;
				CLANG_WARN_ENUM_CONVERSION = YES;
				CLANG_WARN_INFINITE_RECURSION = YES;
				CLANG_WARN_INT_CONVERSION = YES;
				CLANG_WARN_NON_LITERAL_NULL_CONVERSION = YES;
				CLANG_WARN_OBJC_IMPLICIT_RETAIN_SELF = YES;
				CLANG_WARN_OBJC_LITERAL_CONVERSION = YES;
				CLANG_WARN_OBJC_ROOT_CLASS = YES_ERROR;
				CLANG_WARN_QUOTED_INCLUDE_IN_FRAMEWORK_HEADER = YES;
				CLANG_WARN_RANGE_LOOP_ANALYSIS = YES;
				CLANG_WARN_STRICT_PROTOTYPES = YES;
				CLANG_WARN_SUSPICIOUS_MOVE = YES;
				CLANG_WARN_UNGUARDED_AVAILABILITY = YES_AGGRESSIVE;
				CLANG_WARN_UNREACHABLE_CODE = YES;
				CLANG_WARN__DUPLICATE_METHOD_MATCH = YES;
				COPY_PHASE_STRIP = NO;
				DEBUG_INFORMATION_FORMAT = "dwarf-with-dsym";
				ENABLE_NS_ASSERTIONS = NO;
				ENABLE_STRICT_OBJC_MSGSEND = YES;
				GCC_C_LANGUAGE_STANDARD = gnu11;
				GCC_NO_COMMON_BLOCKS = YES;
				GCC_WARN_64_TO_32_BIT_CONVERSION = YES;
				GCC_WARN_ABOUT_RETURN_TYPE = YES_ERROR;
				GCC_WARN_UNDECLARED_SELECTOR = YES;
				GCC_WARN_UNINITIALIZED_AUTOS = YES_AGGRESSIVE;
				GCC_WARN_UNUSED_FUNCTION = YES;
				GCC_WARN_UNUSED_VARIABLE = YES;
				IPHONEOS_DEPLOYMENT_TARGET = 14.1;
				MTL_ENABLE_DEBUG_INFO = NO;
				MTL_FAST_MATH = YES;
				SDKROOT = iphoneos;
				SWIFT_COMPILATION_MODE = wholemodule;
				SWIFT_OPTIMIZATION_LEVEL = "-O";
				VALIDATE_PRODUCT = YES;
			};
			name = Release;
		};
		80F2B2652557011800D2584E /* Debug */ = {
			isa = XCBuildConfiguration;
			baseConfigurationReference = 331ECB15FD24B168BB385187 /* Pods-Quick Chat.debug.xcconfig */;
			buildSettings = {
				ASSETCATALOG_COMPILER_APPICON_NAME = AppIcon;
				ASSETCATALOG_COMPILER_GLOBAL_ACCENT_COLOR_NAME = AccentColor;
				CODE_SIGN_STYLE = Automatic;
				INFOPLIST_FILE = "Quick Chat/Info.plist";
				IPHONEOS_DEPLOYMENT_TARGET = 13.5;
				LD_RUNPATH_SEARCH_PATHS = (
					"$(inherited)",
					"@executable_path/Frameworks",
				);
				PRODUCT_BUNDLE_IDENTIFIER = "com.Vaibhav-Patil.Quick-Chat";
				PRODUCT_NAME = "$(TARGET_NAME)";
				SWIFT_VERSION = 5.0;
				TARGETED_DEVICE_FAMILY = "1,2";
			};
			name = Debug;
		};
		80F2B2662557011800D2584E /* Release */ = {
			isa = XCBuildConfiguration;
			baseConfigurationReference = 25E15A2898D391AA95DFB651 /* Pods-Quick Chat.release.xcconfig */;
			buildSettings = {
				ASSETCATALOG_COMPILER_APPICON_NAME = AppIcon;
				ASSETCATALOG_COMPILER_GLOBAL_ACCENT_COLOR_NAME = AccentColor;
				CODE_SIGN_STYLE = Automatic;
				INFOPLIST_FILE = "Quick Chat/Info.plist";
				IPHONEOS_DEPLOYMENT_TARGET = 13.5;
				LD_RUNPATH_SEARCH_PATHS = (
					"$(inherited)",
					"@executable_path/Frameworks",
				);
				PRODUCT_BUNDLE_IDENTIFIER = "com.Vaibhav-Patil.Quick-Chat";
				PRODUCT_NAME = "$(TARGET_NAME)";
				SWIFT_VERSION = 5.0;
				TARGETED_DEVICE_FAMILY = "1,2";
			};
			name = Release;
		};
		80F2B2682557011800D2584E /* Debug */ = {
			isa = XCBuildConfiguration;
			buildSettings = {
				ALWAYS_EMBED_SWIFT_STANDARD_LIBRARIES = YES;
				BUNDLE_LOADER = "$(TEST_HOST)";
				CODE_SIGN_STYLE = Automatic;
				INFOPLIST_FILE = "Quick ChatTests/Info.plist";
				IPHONEOS_DEPLOYMENT_TARGET = 14.1;
				LD_RUNPATH_SEARCH_PATHS = (
					"$(inherited)",
					"@executable_path/Frameworks",
					"@loader_path/Frameworks",
				);
				PRODUCT_BUNDLE_IDENTIFIER = "com.Vaibhav-Patil.Quick-ChatTests";
				PRODUCT_NAME = "$(TARGET_NAME)";
				SWIFT_VERSION = 5.0;
				TARGETED_DEVICE_FAMILY = "1,2";
				TEST_HOST = "$(BUILT_PRODUCTS_DIR)/Quick Chat.app/Quick Chat";
			};
			name = Debug;
		};
		80F2B2692557011800D2584E /* Release */ = {
			isa = XCBuildConfiguration;
			buildSettings = {
				ALWAYS_EMBED_SWIFT_STANDARD_LIBRARIES = YES;
				BUNDLE_LOADER = "$(TEST_HOST)";
				CODE_SIGN_STYLE = Automatic;
				INFOPLIST_FILE = "Quick ChatTests/Info.plist";
				IPHONEOS_DEPLOYMENT_TARGET = 14.1;
				LD_RUNPATH_SEARCH_PATHS = (
					"$(inherited)",
					"@executable_path/Frameworks",
					"@loader_path/Frameworks",
				);
				PRODUCT_BUNDLE_IDENTIFIER = "com.Vaibhav-Patil.Quick-ChatTests";
				PRODUCT_NAME = "$(TARGET_NAME)";
				SWIFT_VERSION = 5.0;
				TARGETED_DEVICE_FAMILY = "1,2";
				TEST_HOST = "$(BUILT_PRODUCTS_DIR)/Quick Chat.app/Quick Chat";
			};
			name = Release;
		};
		80F2B26B2557011800D2584E /* Debug */ = {
			isa = XCBuildConfiguration;
			buildSettings = {
				ALWAYS_EMBED_SWIFT_STANDARD_LIBRARIES = YES;
				CODE_SIGN_STYLE = Automatic;
				INFOPLIST_FILE = "Quick ChatUITests/Info.plist";
				LD_RUNPATH_SEARCH_PATHS = (
					"$(inherited)",
					"@executable_path/Frameworks",
					"@loader_path/Frameworks",
				);
				PRODUCT_BUNDLE_IDENTIFIER = "com.Vaibhav-Patil.Quick-ChatUITests";
				PRODUCT_NAME = "$(TARGET_NAME)";
				SWIFT_VERSION = 5.0;
				TARGETED_DEVICE_FAMILY = "1,2";
				TEST_TARGET_NAME = "Quick Chat";
			};
			name = Debug;
		};
		80F2B26C2557011800D2584E /* Release */ = {
			isa = XCBuildConfiguration;
			buildSettings = {
				ALWAYS_EMBED_SWIFT_STANDARD_LIBRARIES = YES;
				CODE_SIGN_STYLE = Automatic;
				INFOPLIST_FILE = "Quick ChatUITests/Info.plist";
				LD_RUNPATH_SEARCH_PATHS = (
					"$(inherited)",
					"@executable_path/Frameworks",
					"@loader_path/Frameworks",
				);
				PRODUCT_BUNDLE_IDENTIFIER = "com.Vaibhav-Patil.Quick-ChatUITests";
				PRODUCT_NAME = "$(TARGET_NAME)";
				SWIFT_VERSION = 5.0;
				TARGETED_DEVICE_FAMILY = "1,2";
				TEST_TARGET_NAME = "Quick Chat";
			};
			name = Release;
		};
/* End XCBuildConfiguration section */

/* Begin XCConfigurationList section */
		80F2B2352557011300D2584E /* Build configuration list for PBXProject "Quick Chat" */ = {
			isa = XCConfigurationList;
			buildConfigurations = (
				80F2B2622557011800D2584E /* Debug */,
				80F2B2632557011800D2584E /* Release */,
			);
			defaultConfigurationIsVisible = 0;
			defaultConfigurationName = Release;
		};
		80F2B2642557011800D2584E /* Build configuration list for PBXNativeTarget "Quick Chat" */ = {
			isa = XCConfigurationList;
			buildConfigurations = (
				80F2B2652557011800D2584E /* Debug */,
				80F2B2662557011800D2584E /* Release */,
			);
			defaultConfigurationIsVisible = 0;
			defaultConfigurationName = Release;
		};
		80F2B2672557011800D2584E /* Build configuration list for PBXNativeTarget "Quick ChatTests" */ = {
			isa = XCConfigurationList;
			buildConfigurations = (
				80F2B2682557011800D2584E /* Debug */,
				80F2B2692557011800D2584E /* Release */,
			);
			defaultConfigurationIsVisible = 0;
			defaultConfigurationName = Release;
		};
		80F2B26A2557011800D2584E /* Build configuration list for PBXNativeTarget "Quick ChatUITests" */ = {
			isa = XCConfigurationList;
			buildConfigurations = (
				80F2B26B2557011800D2584E /* Debug */,
				80F2B26C2557011800D2584E /* Release */,
			);
			defaultConfigurationIsVisible = 0;
			defaultConfigurationName = Release;
		};
/* End XCConfigurationList section */
	};
	rootObject = 80F2B2322557011300D2584E /* Project object */;
}
